
Microsoft Visual Studio Solution File, Format Version 12.00
# Visual Studio 15
VisualStudioVersion = 15.0.28307.1062
MinimumVisualStudioVersion = 10.0.40219.1
Project("{FAE04EC0-301F-11D3-BF4B-00C04F79EFBC}") = "Angular2Project", "Angular2Project\Angular2Project.csproj", "{2FB885A4-9DA5-4B54-8675-16B34380CC5A}"
EndProject
Project("{FAE04EC0-301F-11D3-BF4B-00C04F79EFBC}") = "EmployeeWebAPIService", "EmployeeWebAPIService\EmployeeWebAPIService.csproj", "{C83BAA33-810D-4B08-A7E1-D835389626EB}"
EndProject
Global
	GlobalSection(SolutionConfigurationPlatforms) = preSolution
		Debug|Any CPU = Debug|Any CPU
		Release|Any CPU = Release|Any CPU
	EndGlobalSection
	GlobalSection(ProjectConfigurationPlatforms) = postSolution
		{2FB885A4-9DA5-4B54-8675-16B34380CC5A}.Debug|Any CPU.ActiveCfg = Debug|Any CPU
		{2FB885A4-9DA5-4B54-8675-16B34380CC5A}.Debug|Any CPU.Build.0 = Debug|Any CPU
		{2FB885A4-9DA5-4B54-8675-16B34380CC5A}.Release|Any CPU.ActiveCfg = Release|Any CPU
		{2FB885A4-9DA5-4B54-8675-16B34380CC5A}.Release|Any CPU.Build.0 = Release|Any CPU
		{C83BAA33-810D-4B08-A7E1-D835389626EB}.Debug|Any CPU.ActiveCfg = Debug|Any CPU
		{C83BAA33-810D-4B08-A7E1-D835389626EB}.Debug|Any CPU.Build.0 = Debug|Any CPU
		{C83BAA33-810D-4B08-A7E1-D835389626EB}.Release|Any CPU.ActiveCfg = Release|Any CPU
		{C83BAA33-810D-4B08-A7E1-D835389626EB}.Release|Any CPU.Build.0 = Release|Any CPU
	EndGlobalSection
	GlobalSection(SolutionProperties) = preSolution
		HideSolutionNode = FALSE
	EndGlobalSection
	GlobalSection(ExtensibilityGlobals) = postSolution
		SolutionGuid = {221612A7-4C1B-47C0-9884-331C006D9ED8}
	EndGlobalSection
EndGlobal
